
Microsoft Visual Studio Solution File, Format Version 12.00
# Visual Studio 14
VisualStudioVersion = 14.0.25123.0
MinimumVisualStudioVersion = 10.0.40219.1
Project("{8BC9CEB8-8B4A-11D0-8D11-00A0C91BC942}") = "SnakeCPP", "SnakeCPP\SnakeCPP.vcxproj", "{F86514F6-68BD-45CD-BA6D-BCAD349A19E2}"
EndProject
Global
	GlobalSection(SolutionConfigurationPlatforms) = preSolution
		Debug|x64 = Debug|x64
		Debug|x86 = Debug|x86
		Release|x64 = Release|x64
		Release|x86 = Release|x86
	EndGlobalSection
	GlobalSection(ProjectConfigurationPlatforms) = postSolution
		{F86514F6-68BD-45CD-BA6D-BCAD349A19E2}.Debug|x64.ActiveCfg = Debug|x64
		{F86514F6-68BD-45CD-BA6D-BCAD349A19E2}.Debug|x64.Build.0 = Debug|x64
		{F86514F6-68BD-45CD-BA6D-BCAD349A19E2}.Debug|x86.ActiveCfg = Debug|Win32
		{F86514F6-68BD-45CD-BA6D-BCAD349A19E2}.Debug|x86.Build.0 = Debug|Win32
		{F86514F6-68BD-45CD-BA6D-BCAD349A19E2}.Release|x64.ActiveCfg = Release|x64
		{F86514F6-68BD-45CD-BA6D-BCAD349A19E2}.Release|x64.Build.0 = Release|x64
		{F86514F6-68BD-45CD-BA6D-BCAD349A19E2}.Release|x86.ActiveCfg = Release|Win32
		{F86514F6-68BD-45CD-BA6D-BCAD349A19E2}.Release|x86.Build.0 = Release|Win32
	EndGlobalSection
	GlobalSection(SolutionProperties) = preSolution
		HideSolutionNode = FALSE
	EndGlobalSection
	GlobalSection(CodealikeProperties) = postSolution
		SolutionGuid = a69d96e0-a351-4eb8-ae97-de5999b31f9a
	EndGlobalSection
EndGlobal
